
Microsoft Visual Studio Solution File, Format Version 10.00
# Visual Studio 2008
Project("{8BC9CEB8-8B4A-11D0-8D11-00A0C91BC942}") = "njord", "xprep\xprep.vcproj", "{EEE1F9F5-BBE0-4BFF-A058-7ABB7CEB0574}"
EndProject
Project("{8BC9CEB8-8B4A-11D0-8D11-00A0C91BC942}") = "js_curl", "js_curl\js_curl.vcproj", "{296E65E3-A7F4-4562-BFA1-9C3B7DFF4794}"
EndProject
Project("{8BC9CEB8-8B4A-11D0-8D11-00A0C91BC942}") = "js_xdeploy", "js_xdeploy\js_xdeploy.vcproj", "{03E99EE3-944C-489C-B105-C6D4D185906B}"
EndProject
Project("{8BC9CEB8-8B4A-11D0-8D11-00A0C91BC942}") = "js_gecko", "js_gecko\js_gecko.vcproj", "{E0383830-1E93-47D2-B69D-C5D3F4E8AB6C}"
EndProject
Project("{8BC9CEB8-8B4A-11D0-8D11-00A0C91BC942}") = "js_hotkey", "js_hotkey\js_hotkey.vcproj", "{A524BD44-8FC4-4A6F-9939-9C237290B8D1}"
EndProject
Project("{8BC9CEB8-8B4A-11D0-8D11-00A0C91BC942}") = "js_gecko2", "js_gecko2\js_gecko2.vcproj", "{A10013D7-B505-4EB5-A524-1841BBBA97EB}"
EndProject
Project("{8BC9CEB8-8B4A-11D0-8D11-00A0C91BC942}") = "js_wmi", "js_wmi\js_wmi.vcproj", "{60BCE6CC-E6FC-43DB-B850-1AA0897D8EF2}"
EndProject
Project("{8BC9CEB8-8B4A-11D0-8D11-00A0C91BC942}") = "js_wimg", "js_wimg\js_wimg.vcproj", "{5351A17D-795C-4A83-8465-2858B297603F}"
EndProject
Project("{8BC9CEB8-8B4A-11D0-8D11-00A0C91BC942}") = "js_xdriver", "js_xdriver\js_xdriver.vcproj", "{F5C1D174-61F9-4309-9049-E8D9B3A14669}"
EndProject
Project("{8BC9CEB8-8B4A-11D0-8D11-00A0C91BC942}") = "signscript", "signscript\signscript.vcproj", "{F53D2A3F-A0F4-47D4-A74B-BE1F795DB0ED}"
EndProject
Global
	GlobalSection(SolutionConfigurationPlatforms) = preSolution
		Debug|Win32 = Debug|Win32
		Release|Win32 = Release|Win32
	EndGlobalSection
	GlobalSection(ProjectConfigurationPlatforms) = postSolution
		{EEE1F9F5-BBE0-4BFF-A058-7ABB7CEB0574}.Debug|Win32.ActiveCfg = Debug|Win32
		{EEE1F9F5-BBE0-4BFF-A058-7ABB7CEB0574}.Debug|Win32.Build.0 = Debug|Win32
		{EEE1F9F5-BBE0-4BFF-A058-7ABB7CEB0574}.Release|Win32.ActiveCfg = Release|Win32
		{EEE1F9F5-BBE0-4BFF-A058-7ABB7CEB0574}.Release|Win32.Build.0 = Release|Win32
		{296E65E3-A7F4-4562-BFA1-9C3B7DFF4794}.Debug|Win32.ActiveCfg = Debug|Win32
		{296E65E3-A7F4-4562-BFA1-9C3B7DFF4794}.Debug|Win32.Build.0 = Debug|Win32
		{296E65E3-A7F4-4562-BFA1-9C3B7DFF4794}.Release|Win32.ActiveCfg = Release|Win32
		{296E65E3-A7F4-4562-BFA1-9C3B7DFF4794}.Release|Win32.Build.0 = Release|Win32
		{03E99EE3-944C-489C-B105-C6D4D185906B}.Debug|Win32.ActiveCfg = Debug|Win32
		{03E99EE3-944C-489C-B105-C6D4D185906B}.Debug|Win32.Build.0 = Debug|Win32
		{03E99EE3-944C-489C-B105-C6D4D185906B}.Release|Win32.ActiveCfg = Release|Win32
		{03E99EE3-944C-489C-B105-C6D4D185906B}.Release|Win32.Build.0 = Release|Win32
		{E0383830-1E93-47D2-B69D-C5D3F4E8AB6C}.Debug|Win32.ActiveCfg = Debug|Win32
		{E0383830-1E93-47D2-B69D-C5D3F4E8AB6C}.Debug|Win32.Build.0 = Debug|Win32
		{E0383830-1E93-47D2-B69D-C5D3F4E8AB6C}.Release|Win32.ActiveCfg = Release|Win32
		{E0383830-1E93-47D2-B69D-C5D3F4E8AB6C}.Release|Win32.Build.0 = Release|Win32
		{A524BD44-8FC4-4A6F-9939-9C237290B8D1}.Debug|Win32.ActiveCfg = Debug|Win32
		{A524BD44-8FC4-4A6F-9939-9C237290B8D1}.Debug|Win32.Build.0 = Debug|Win32
		{A524BD44-8FC4-4A6F-9939-9C237290B8D1}.Release|Win32.ActiveCfg = Release|Win32
		{A524BD44-8FC4-4A6F-9939-9C237290B8D1}.Release|Win32.Build.0 = Release|Win32
		{A10013D7-B505-4EB5-A524-1841BBBA97EB}.Debug|Win32.ActiveCfg = Debug|Win32
		{A10013D7-B505-4EB5-A524-1841BBBA97EB}.Debug|Win32.Build.0 = Debug|Win32
		{A10013D7-B505-4EB5-A524-1841BBBA97EB}.Release|Win32.ActiveCfg = Release|Win32
		{A10013D7-B505-4EB5-A524-1841BBBA97EB}.Release|Win32.Build.0 = Release|Win32
		{60BCE6CC-E6FC-43DB-B850-1AA0897D8EF2}.Debug|Win32.ActiveCfg = Debug|Win32
		{60BCE6CC-E6FC-43DB-B850-1AA0897D8EF2}.Debug|Win32.Build.0 = Debug|Win32
		{60BCE6CC-E6FC-43DB-B850-1AA0897D8EF2}.Release|Win32.ActiveCfg = Release|Win32
		{60BCE6CC-E6FC-43DB-B850-1AA0897D8EF2}.Release|Win32.Build.0 = Release|Win32
		{5351A17D-795C-4A83-8465-2858B297603F}.Debug|Win32.ActiveCfg = Debug|Win32
		{5351A17D-795C-4A83-8465-2858B297603F}.Debug|Win32.Build.0 = Debug|Win32
		{5351A17D-795C-4A83-8465-2858B297603F}.Release|Win32.ActiveCfg = Release|Win32
		{5351A17D-795C-4A83-8465-2858B297603F}.Release|Win32.Build.0 = Release|Win32
		{F5C1D174-61F9-4309-9049-E8D9B3A14669}.Debug|Win32.ActiveCfg = Debug|Win32
		{F5C1D174-61F9-4309-9049-E8D9B3A14669}.Debug|Win32.Build.0 = Debug|Win32
		{F5C1D174-61F9-4309-9049-E8D9B3A14669}.Release|Win32.ActiveCfg = Release|Win32
		{F5C1D174-61F9-4309-9049-E8D9B3A14669}.Release|Win32.Build.0 = Release|Win32
		{F53D2A3F-A0F4-47D4-A74B-BE1F795DB0ED}.Debug|Win32.ActiveCfg = Debug|Win32
		{F53D2A3F-A0F4-47D4-A74B-BE1F795DB0ED}.Debug|Win32.Build.0 = Debug|Win32
		{F53D2A3F-A0F4-47D4-A74B-BE1F795DB0ED}.Release|Win32.ActiveCfg = Release|Win32
		{F53D2A3F-A0F4-47D4-A74B-BE1F795DB0ED}.Release|Win32.Build.0 = Release|Win32
	EndGlobalSection
	GlobalSection(SolutionProperties) = preSolution
		HideSolutionNode = FALSE
	EndGlobalSection
EndGlobal
